
Microsoft Visual Studio Solution File, Format Version 12.00
# Visual Studio Version 16
VisualStudioVersion = 16.0.30204.135
MinimumVisualStudioVersion = 10.0.40219.1
Project("{FAE04EC0-301F-11D3-BF4B-00C04F79EFBC}") = "ATM", "ATM\ATM.csproj", "{E1726F01-D771-407F-B24B-4B667DBE2AE9}"
EndProject
Project("{FAE04EC0-301F-11D3-BF4B-00C04F79EFBC}") = "ATM.Persistence", "ATM.Persistence\ATM.Persistence.csproj", "{9209FBA7-F08D-4FC3-8528-18272217C9ED}"
EndProject
Project("{FAE04EC0-301F-11D3-BF4B-00C04F79EFBC}") = "ATM.Application", "ATM.Application\ATM.Application.csproj", "{B59AF101-7627-46F0-9982-61558F160833}"
EndProject
Project("{FAE04EC0-301F-11D3-BF4B-00C04F79EFBC}") = "ATM.Application.Tests", "ATM.Application.Tests\ATM.Application.Tests.csproj", "{A01A4D4C-84E2-4A0A-8B44-2572C79D4BE7}"
EndProject
Project("{2150E333-8FDC-42A3-9474-1A3956D46DE8}") = "Persistence", "Persistence", "{06D03A3A-9C27-4473-B8B4-3477E35E28BB}"
EndProject
Project("{2150E333-8FDC-42A3-9474-1A3956D46DE8}") = "Entry", "Entry", "{76AD8111-8CBC-49C8-8FD5-9450ED0CA6AA}"
EndProject
Global
	GlobalSection(SolutionConfigurationPlatforms) = preSolution
		Debug|Any CPU = Debug|Any CPU
		Release|Any CPU = Release|Any CPU
	EndGlobalSection
	GlobalSection(ProjectConfigurationPlatforms) = postSolution
		{E1726F01-D771-407F-B24B-4B667DBE2AE9}.Debug|Any CPU.ActiveCfg = Debug|Any CPU
		{E1726F01-D771-407F-B24B-4B667DBE2AE9}.Debug|Any CPU.Build.0 = Debug|Any CPU
		{E1726F01-D771-407F-B24B-4B667DBE2AE9}.Release|Any CPU.ActiveCfg = Release|Any CPU
		{E1726F01-D771-407F-B24B-4B667DBE2AE9}.Release|Any CPU.Build.0 = Release|Any CPU
		{9209FBA7-F08D-4FC3-8528-18272217C9ED}.Debug|Any CPU.ActiveCfg = Debug|Any CPU
		{9209FBA7-F08D-4FC3-8528-18272217C9ED}.Debug|Any CPU.Build.0 = Debug|Any CPU
		{9209FBA7-F08D-4FC3-8528-18272217C9ED}.Release|Any CPU.ActiveCfg = Release|Any CPU
		{9209FBA7-F08D-4FC3-8528-18272217C9ED}.Release|Any CPU.Build.0 = Release|Any CPU
		{B59AF101-7627-46F0-9982-61558F160833}.Debug|Any CPU.ActiveCfg = Debug|Any CPU
		{B59AF101-7627-46F0-9982-61558F160833}.Debug|Any CPU.Build.0 = Debug|Any CPU
		{B59AF101-7627-46F0-9982-61558F160833}.Release|Any CPU.ActiveCfg = Release|Any CPU
		{B59AF101-7627-46F0-9982-61558F160833}.Release|Any CPU.Build.0 = Release|Any CPU
		{A01A4D4C-84E2-4A0A-8B44-2572C79D4BE7}.Debug|Any CPU.ActiveCfg = Debug|Any CPU
		{A01A4D4C-84E2-4A0A-8B44-2572C79D4BE7}.Debug|Any CPU.Build.0 = Debug|Any CPU
		{A01A4D4C-84E2-4A0A-8B44-2572C79D4BE7}.Release|Any CPU.ActiveCfg = Release|Any CPU
		{A01A4D4C-84E2-4A0A-8B44-2572C79D4BE7}.Release|Any CPU.Build.0 = Release|Any CPU
	EndGlobalSection
	GlobalSection(SolutionProperties) = preSolution
		HideSolutionNode = FALSE
	EndGlobalSection
	GlobalSection(NestedProjects) = preSolution
		{E1726F01-D771-407F-B24B-4B667DBE2AE9} = {76AD8111-8CBC-49C8-8FD5-9450ED0CA6AA}
		{9209FBA7-F08D-4FC3-8528-18272217C9ED} = {06D03A3A-9C27-4473-B8B4-3477E35E28BB}
		{A01A4D4C-84E2-4A0A-8B44-2572C79D4BE7} = {76AD8111-8CBC-49C8-8FD5-9450ED0CA6AA}
	EndGlobalSection
	GlobalSection(ExtensibilityGlobals) = postSolution
		SolutionGuid = {D4A3045A-5756-42AA-8131-EBB98EFF72B4}
	EndGlobalSection
EndGlobal
